{
  "name": "repo",
  "version": "1.0.0",
  "lockfileVersion": 3,
  "requires": true,
  "packages": {
    "": {
      "name": "repo",
      "version": "1.0.0",
      "license": "ISC",
      "devDependencies": {
        "@netlify/edge-functions": "^3.0.6"
      }
    },
    "node_modules/@netlify/edge-functions": {
      "version": "3.0.6",
      "resolved": "https://registry.npmjs.org/@netlify/edge-functions/-/edge-functions-3.0.6.tgz",
      "integrity": "sha512-xkVcTcpAuQKAY5GXKOjPTIct5Mz53NPHXOasggA+LTAxDDV4ohqSM8BIaXh1SgbcniHZyFhBqhc5hxZ+fFz5bQ==",
      "dev": true,
      "license": "MIT",
      "dependencies": {
        "@netlify/types": "2.6.0"
      },
      "engines": {
        "node": ">=18.0.0"
      }
    },
    "node_modules/@netlify/types": {
      "version": "2.6.0",
      "resolved": "https://registry.npmjs.org/@netlify/types/-/types-2.6.0.tgz",
      "integrity": "sha512-yD20EizHJDQxajJ66Vo8RTwLwR2jMNVxufPG8MHd2AScX8jW4z0VPnnJHArq2GYPFTFZRHmiAhDrXr5m8zof6w==",
      "dev": true,
      "license": "MIT",
      "engines": {
        "node": "^18.14.0 || >=20"
      }
    }
  }
}
